// !$*UTF8*$!
{
	archiveVersion = 1;
	classes = {
	};
	objectVersion = 56;
	objects = {

/* Begin PBXBuildFile section */
		C0064C1029254563005B39AB /* AppDelegate.swift in Sources */ = {isa = PBXBuildFile; fileRef = C0064C0F29254563005B39AB /* AppDelegate.swift */; };
		C0064C1229254563005B39AB /* SceneDelegate.swift in Sources */ = {isa = PBXBuildFile; fileRef = C0064C1129254563005B39AB /* SceneDelegate.swift */; };
		C0064C1429254563005B39AB /* ViewController.swift in Sources */ = {isa = PBXBuildFile; fileRef = C0064C1329254563005B39AB /* ViewController.swift */; };
		C0064C1729254563005B39AB /* Main.storyboard in Resources */ = {isa = PBXBuildFile; fileRef = C0064C1529254563005B39AB /* Main.storyboard */; };
		C0064C1929254564005B39AB /* Assets.xcassets in Resources */ = {isa = PBXBuildFile; fileRef = C0064C1829254564005B39AB /* Assets.xcassets */; };
		C0064C1C29254564005B39AB /* LaunchScreen.storyboard in Resources */ = {isa = PBXBuildFile; fileRef = C0064C1A29254564005B39AB /* LaunchScreen.storyboard */; };
		C0064C2729254564005B39AB /* xilophoneTests.swift in Sources */ = {isa = PBXBuildFile; fileRef = C0064C2629254564005B39AB /* xilophoneTests.swift */; };
		C0064C3129254564005B39AB /* xilophoneUITests.swift in Sources */ = {isa = PBXBuildFile; fileRef = C0064C3029254564005B39AB /* xilophoneUITests.swift */; };
		C0064C3329254564005B39AB /* xilophoneUITestsLaunchTests.swift in Sources */ = {isa = PBXBuildFile; fileRef = C0064C3229254564005B39AB /* xilophoneUITestsLaunchTests.swift */; };
		C0064C4029254A14005B39AB /* Sounds in Resources */ = {isa = PBXBuildFile; fileRef = C0064C3F29254A14005B39AB /* Sounds */; };
/* End PBXBuildFile section */

/* Begin PBXContainerItemProxy section */
		C0064C2329254564005B39AB /* PBXContainerItemProxy */ = {
			isa = PBXContainerItemProxy;
			containerPortal = C0064C0429254563005B39AB /* Project object */;
			proxyType = 1;
			remoteGlobalIDString = C0064C0B29254563005B39AB;
			remoteInfo = xilophone;
		};
		C0064C2D29254564005B39AB /* PBXContainerItemProxy */ = {
			isa = PBXContainerItemProxy;
			containerPortal = C0064C0429254563005B39AB /* Project object */;
			proxyType = 1;
			remoteGlobalIDString = C0064C0B29254563005B39AB;
			remoteInfo = xilophone;
		};
/* End PBXContainerItemProxy section */

/* Begin PBXFileReference section */
		C0064C0C29254563005B39AB /* xilophone.app */ = {isa = PBXFileReference; explicitFileType = wrapper.application; includeInIndex = 0; path = xilophone.app; sourceTree = BUILT_PRODUCTS_DIR; };
		C0064C0F29254563005B39AB /* AppDelegate.swift */ = {isa = PBXFileReference; lastKnownFileType = sourcecode.swift; path = AppDelegate.swift; sourceTree = "<group>"; };
		C0064C1129254563005B39AB /* SceneDelegate.swift */ = {isa = PBXFileReference; lastKnownFileType = sourcecode.swift; path = SceneDelegate.swift; sourceTree = "<group>"; };
		C0064C1329254563005B39AB /* ViewController.swift */ = {isa = PBXFileReference; lastKnownFileType = sourcecode.swift; path = ViewController.swift; sourceTree = "<group>"; };
		C0064C1629254563005B39AB /* Base */ = {isa = PBXFileReference; lastKnownFileType = file.storyboard; name = Base; path = Base.lproj/Main.storyboard; sourceTree = "<group>"; };
		C0064C1829254564005B39AB /* Assets.xcassets */ = {isa = PBXFileReference; lastKnownFileType = folder.assetcatalog; path = Assets.xcassets; sourceTree = "<group>"; };
		C0064C1B29254564005B39AB /* Base */ = {isa = PBXFileReference; lastKnownFileType = file.storyboard; name = Base; path = Base.lproj/LaunchScreen.storyboard; sourceTree = "<group>"; };
		C0064C1D29254564005B39AB /* Info.plist */ = {isa = PBXFileReference; lastKnownFileType = text.plist.xml; path = Info.plist; sourceTree = "<group>"; };
		C0064C2229254564005B39AB /* xilophoneTests.xctest */ = {isa = PBXFileReference; explicitFileType = wrapper.cfbundle; includeInIndex = 0; path = xilophoneTests.xctest; sourceTree = BUILT_PRODUCTS_DIR; };
		C0064C2629254564005B39AB /* xilophoneTests.swift */ = {isa = PBXFileReference; lastKnownFileType = sourcecode.swift; path = xilophoneTests.swift; sourceTree = "<group>"; };
		C0064C2C29254564005B39AB /* xilophoneUITests.xctest */ = {isa = PBXFileReference; explicitFileType = wrapper.cfbundle; includeInIndex = 0; path = xilophoneUITests.xctest; sourceTree = BUILT_PRODUCTS_DIR; };
		C0064C3029254564005B39AB /* xilophoneUITests.swift */ = {isa = PBXFileReference; lastKnownFileType = sourcecode.swift; path = xilophoneUITests.swift; sourceTree = "<group>"; };
		C0064C3229254564005B39AB /* xilophoneUITestsLaunchTests.swift */ = {isa = PBXFileReference; lastKnownFileType = sourcecode.swift; path = xilophoneUITestsLaunchTests.swift; sourceTree = "<group>"; };
		C0064C3F29254A14005B39AB /* Sounds */ = {isa = PBXFileReference; lastKnownFileType = folder; path = Sounds; sourceTree = "<group>"; };
/* End PBXFileReference section */

/* Begin PBXFrameworksBuildPhase section */
		C0064C0929254563005B39AB /* Frameworks */ = {
			isa = PBXFrameworksBuildPhase;
			buildActionMask = 2147483647;
			files = (
			);
			runOnlyForDeploymentPostprocessing = 0;
		};
		C0064C1F29254564005B39AB /* Frameworks */ = {
			isa = PBXFrameworksBuildPhase;
			buildActionMask = 2147483647;
			files = (
			);
			runOnlyForDeploymentPostprocessing = 0;
		};
		C0064C2929254564005B39AB /* Frameworks */ = {
			isa = PBXFrameworksBuildPhase;
			buildActionMask = 2147483647;
			files = (
			);
			runOnlyForDeploymentPostprocessing = 0;
		};
/* End PBXFrameworksBuildPhase section */

/* Begin PBXGroup section */
		C0064C0329254563005B39AB = {
			isa = PBXGroup;
			children = (
				C0064C3F29254A14005B39AB /* Sounds */,
				C0064C0E29254563005B39AB /* xilophone */,
				C0064C2529254564005B39AB /* xilophoneTests */,
				C0064C2F29254564005B39AB /* xilophoneUITests */,
				C0064C0D29254563005B39AB /* Products */,
			);
			sourceTree = "<group>";
		};
		C0064C0D29254563005B39AB /* Products */ = {
			isa = PBXGroup;
			children = (
				C0064C0C29254563005B39AB /* xilophone.app */,
				C0064C2229254564005B39AB /* xilophoneTests.xctest */,
				C0064C2C29254564005B39AB /* xilophoneUITests.xctest */,
			);
			name = Products;
			sourceTree = "<group>";
		};
		C0064C0E29254563005B39AB /* xilophone */ = {
			isa = PBXGroup;
			children = (
				C0064C0F29254563005B39AB /* AppDelegate.swift */,
				C0064C1129254563005B39AB /* SceneDelegate.swift */,
				C0064C1329254563005B39AB /* ViewController.swift */,
				C0064C1529254563005B39AB /* Main.storyboard */,
				C0064C1829254564005B39AB /* Assets.xcassets */,
				C0064C1A29254564005B39AB /* LaunchScreen.storyboard */,
				C0064C1D29254564005B39AB /* Info.plist */,
			);
			path = xilophone;
			sourceTree = "<group>";
		};
		C0064C2529254564005B39AB /* xilophoneTests */ = {
			isa = PBXGroup;
			children = (
				C0064C2629254564005B39AB /* xilophoneTests.swift */,
			);
			path = xilophoneTests;
			sourceTree = "<group>";
		};
		C0064C2F29254564005B39AB /* xilophoneUITests */ = {
			isa = PBXGroup;
			children = (
				C0064C3029254564005B39AB /* xilophoneUITests.swift */,
				C0064C3229254564005B39AB /* xilophoneUITestsLaunchTests.swift */,
			);
			path = xilophoneUITests;
			sourceTree = "<group>";
		};
/* End PBXGroup section */

/* Begin PBXNativeTarget section */
		C0064C0B29254563005B39AB /* xilophone */ = {
			isa = PBXNativeTarget;
			buildConfigurationList = C0064C3629254564005B39AB /* Build configuration list for PBXNativeTarget "xilophone" */;
			buildPhases = (
				C0064C0829254563005B39AB /* Sources */,
				C0064C0929254563005B39AB /* Frameworks */,
				C0064C0A29254563005B39AB /* Resources */,
			);
			buildRules = (
			);
			dependencies = (
			);
			name = xilophone;
			productName = xilophone;
			productReference = C0064C0C29254563005B39AB /* xilophone.app */;
			productType = "com.apple.product-type.application";
		};
		C0064C2129254564005B39AB /* xilophoneTests */ = {
			isa = PBXNativeTarget;
			buildConfigurationList = C0064C3929254564005B39AB /* Build configuration list for PBXNativeTarget "xilophoneTests" */;
			buildPhases = (
				C0064C1E29254564005B39AB /* Sources */,
				C0064C1F29254564005B39AB /* Frameworks */,
				C0064C2029254564005B39AB /* Resources */,
			);
			buildRules = (
			);
			dependencies = (
				C0064C2429254564005B39AB /* PBXTargetDependency */,
			);
			name = xilophoneTests;
			productName = xilophoneTests;
			productReference = C0064C2229254564005B39AB /* xilophoneTests.xctest */;
			productType = "com.apple.product-type.bundle.unit-test";
		};
		C0064C2B29254564005B39AB /* xilophoneUITests */ = {
			isa = PBXNativeTarget;
			buildConfigurationList = C0064C3C29254564005B39AB /* Build configuration list for PBXNativeTarget "xilophoneUITests" */;
			buildPhases = (
				C0064C2829254564005B39AB /* Sources */,
				C0064C2929254564005B39AB /* Frameworks */,
				C0064C2A29254564005B39AB /* Resources */,
			);
			buildRules = (
			);
			dependencies = (
				C0064C2E29254564005B39AB /* PBXTargetDependency */,
			);
			name = xilophoneUITests;
			productName = xilophoneUITests;
			productReference = C0064C2C29254564005B39AB /* xilophoneUITests.xctest */;
			productType = "com.apple.product-type.bundle.ui-testing";
		};
/* End PBXNativeTarget section */

/* Begin PBXProject section */
		C0064C0429254563005B39AB /* Project object */ = {
			isa = PBXProject;
			attributes = {
				BuildIndependentTargetsInParallel = 1;
				LastSwiftUpdateCheck = 1410;
				LastUpgradeCheck = 1410;
				TargetAttributes = {
					C0064C0B29254563005B39AB = {
						CreatedOnToolsVersion = 14.1;
					};
					C0064C2129254564005B39AB = {
						CreatedOnToolsVersion = 14.1;
						TestTargetID = C0064C0B29254563005B39AB;
					};
					C0064C2B29254564005B39AB = {
						CreatedOnToolsVersion = 14.1;
						TestTargetID = C0064C0B29254563005B39AB;
					};
				};
			};
			buildConfigurationList = C0064C0729254563005B39AB /* Build configuration list for PBXProject "xilophone" */;
			compatibilityVersion = "Xcode 14.0";
			developmentRegion = en;
			hasScannedForEncodings = 0;
			knownRegions = (
				en,
				Base,
			);
			mainGroup = C0064C0329254563005B39AB;
			productRefGroup = C0064C0D29254563005B39AB /* Products */;
			projectDirPath = "";
			projectRoot = "";
			targets = (
				C0064C0B29254563005B39AB /* xilophone */,
				C0064C2129254564005B39AB /* xilophoneTests */,
				C0064C2B29254564005B39AB /* xilophoneUITests */,
			);
		};
/* End PBXProject section */

/* Begin PBXResourcesBuildPhase section */
		C0064C0A29254563005B39AB /* Resources */ = {
			isa = PBXResourcesBuildPhase;
			buildActionMask = 2147483647;
			files = (
				C0064C1C29254564005B39AB /* LaunchScreen.storyboard in Resources */,
				C0064C1929254564005B39AB /* Assets.xcassets in Resources */,
				C0064C4029254A14005B39AB /* Sounds in Resources */,
				C0064C1729254563005B39AB /* Main.storyboard in Resources */,
			);
			runOnlyForDeploymentPostprocessing = 0;
		};
		C0064C2029254564005B39AB /* Resources */ = {
			isa = PBXResourcesBuildPhase;
			buildActionMask = 2147483647;
			files = (
			);
			runOnlyForDeploymentPostprocessing = 0;
		};
		C0064C2A29254564005B39AB /* Resources */ = {
			isa = PBXResourcesBuildPhase;
			buildActionMask = 2147483647;
			files = (
			);
			runOnlyForDeploymentPostprocessing = 0;
		};
/* End PBXResourcesBuildPhase section */

/* Begin PBXSourcesBuildPhase section */
		C0064C0829254563005B39AB /* Sources */ = {
			isa = PBXSourcesBuildPhase;
			buildActionMask = 2147483647;
			files = (
				C0064C1429254563005B39AB /* ViewController.swift in Sources */,
				C0064C1029254563005B39AB /* AppDelegate.swift in Sources */,
				C0064C1229254563005B39AB /* SceneDelegate.swift in Sources */,
			);
			runOnlyForDeploymentPostprocessing = 0;
		};
		C0064C1E29254564005B39AB /* Sources */ = {
			isa = PBXSourcesBuildPhase;
			buildActionMask = 2147483647;
			files = (
				C0064C2729254564005B39AB /* xilophoneTests.swift in Sources */,
			);
			runOnlyForDeploymentPostprocessing = 0;
		};
		C0064C2829254564005B39AB /* Sources */ = {
			isa = PBXSourcesBuildPhase;
			buildActionMask = 2147483647;
			files = (
				C0064C3129254564005B39AB /* xilophoneUITests.swift in Sources */,
				C0064C3329254564005B39AB /* xilophoneUITestsLaunchTests.swift in Sources */,
			);
			runOnlyForDeploymentPostprocessing = 0;
		};
/* End PBXSourcesBuildPhase section */

/* Begin PBXTargetDependency section */
		C0064C2429254564005B39AB /* PBXTargetDependency */ = {
			isa = PBXTargetDependency;
			target = C0064C0B29254563005B39AB /* xilophone */;
			targetProxy = C0064C2329254564005B39AB /* PBXContainerItemProxy */;
		};
		C0064C2E29254564005B39AB /* PBXTargetDependency */ = {
			isa = PBXTargetDependency;
			target = C0064C0B29254563005B39AB /* xilophone */;
			targetProxy = C0064C2D29254564005B39AB /* PBXContainerItemProxy */;
		};
/* End PBXTargetDependency section */

/* Begin PBXVariantGroup section */
		C0064C1529254563005B39AB /* Main.storyboard */ = {
			isa = PBXVariantGroup;
			children = (
				C0064C1629254563005B39AB /* Base */,
			);
			name = Main.storyboard;
			sourceTree = "<group>";
		};
		C0064C1A29254564005B39AB /* LaunchScreen.storyboard */ = {
			isa = PBXVariantGroup;
			children = (
				C0064C1B29254564005B39AB /* Base */,
			);
			name = LaunchScreen.storyboard;
			sourceTree = "<group>";
		};
/* End PBXVariantGroup section */

/* Begin XCBuildConfiguration section */
		C0064C3429254564005B39AB /* Debug */ = {
			isa = XCBuildConfiguration;
			buildSettings = {
				ALWAYS_SEARCH_USER_PATHS = NO;
				CLANG_ANALYZER_NONNULL = YES;
				CLANG_ANALYZER_NUMBER_OBJECT_CONVERSION = YES_AGGRESSIVE;
				CLANG_CXX_LANGUAGE_STANDARD = "gnu++20";
				CLANG_ENABLE_MODULES = YES;
				CLANG_ENABLE_OBJC_ARC = YES;
				CLANG_ENABLE_OBJC_WEAK = YES;
				CLANG_WARN_BLOCK_CAPTURE_AUTORELEASING = YES;
				CLANG_WARN_BOOL_CONVERSION = YES;
				CLANG_WARN_COMMA = YES;
				CLANG_WARN_CONSTANT_CONVERSION = YES;
				CLANG_WARN_DEPRECATED_OBJC_IMPLEMENTATIONS = YES;
				CLANG_WARN_DIRECT_OBJC_ISA_USAGE = YES_ERROR;
				CLANG_WARN_DOCUMENTATION_COMMENTS = YES;
				CLANG_WARN_EMPTY_BODY = YES;
				CLANG_WARN_ENUM_CONVERSION = YES;
				CLANG_WARN_INFINITE_RECURSION = YES;
				CLANG_WARN_INT_CONVERSION = YES;
				CLANG_WARN_NON_LITERAL_NULL_CONVERSION = YES;
				CLANG_WARN_OBJC_IMPLICIT_RETAIN_SELF = YES;
				CLANG_WARN_OBJC_LITERAL_CONVERSION = YES;
				CLANG_WARN_OBJC_ROOT_CLASS = YES_ERROR;
				CLANG_WARN_QUOTED_INCLUDE_IN_FRAMEWORK_HEADER = YES;
				CLANG_WARN_RANGE_LOOP_ANALYSIS = YES;
				CLANG_WARN_STRICT_PROTOTYPES = YES;
				CLANG_WARN_SUSPICIOUS_MOVE = YES;
				CLANG_WARN_UNGUARDED_AVAILABILITY = YES_AGGRESSIVE;
				CLANG_WARN_UNREACHABLE_CODE = YES;
				CLANG_WARN__DUPLICATE_METHOD_MATCH = YES;
				COPY_PHASE_STRIP = NO;
				DEBUG_INFORMATION_FORMAT = dwarf;
				ENABLE_STRICT_OBJC_MSGSEND = YES;
				ENABLE_TESTABILITY = YES;
				GCC_C_LANGUAGE_STANDARD = gnu11;
				GCC_DYNAMIC_NO_PIC = NO;
				GCC_NO_COMMON_BLOCKS = YES;
				GCC_OPTIMIZATION_LEVEL = 0;
				GCC_PREPROCESSOR_DEFINITIONS = (
					"DEBUG=1",
					"$(inherited)",
				);
				GCC_WARN_64_TO_32_BIT_CONVERSION = YES;
				GCC_WARN_ABOUT_RETURN_TYPE = YES_ERROR;
				GCC_WARN_UNDECLARED_SELECTOR = YES;
				GCC_WARN_UNINITIALIZED_AUTOS = YES_AGGRESSIVE;
				GCC_WARN_UNUSED_FUNCTION = YES;
				GCC_WARN_UNUSED_VARIABLE = YES;
				IPHONEOS_DEPLOYMENT_TARGET = 16.1;
				MTL_ENABLE_DEBUG_INFO = INCLUDE_SOURCE;
				MTL_FAST_MATH = YES;
				ONLY_ACTIVE_ARCH = YES;
				SDKROOT = iphoneos;
				SWIFT_ACTIVE_COMPILATION_CONDITIONS = DEBUG;
				SWIFT_OPTIMIZATION_LEVEL = "-Onone";
			};
			name = Debug;
		};
		C0064C3529254564005B39AB /* Release */ = {
			isa = XCBuildConfiguration;
			buildSettings = {
				ALWAYS_SEARCH_USER_PATHS = NO;
				CLANG_ANALYZER_NONNULL = YES;
				CLANG_ANALYZER_NUMBER_OBJECT_CONVERSION = YES_AGGRESSIVE;
				CLANG_CXX_LANGUAGE_STANDARD = "gnu++20";
				CLANG_ENABLE_MODULES = YES;
				CLANG_ENABLE_OBJC_ARC = YES;
				CLANG_ENABLE_OBJC_WEAK = YES;
				CLANG_WARN_BLOCK_CAPTURE_AUTORELEASING = YES;
				CLANG_WARN_BOOL_CONVERSION = YES;
				CLANG_WARN_COMMA = YES;
				CLANG_WARN_CONSTANT_CONVERSION = YES;
				CLANG_WARN_DEPRECATED_OBJC_IMPLEMENTATIONS = YES;
				CLANG_WARN_DIRECT_OBJC_ISA_USAGE = YES_ERROR;
				CLANG_WARN_DOCUMENTATION_COMMENTS = YES;
				CLANG_WARN_EMPTY_BODY = YES;
				CLANG_WARN_ENUM_CONVERSION = YES;
				CLANG_WARN_INFINITE_RECURSION = YES;
				CLANG_WARN_INT_CONVERSION = YES;
				CLANG_WARN_NON_LITERAL_NULL_CONVERSION = YES;
				CLANG_WARN_OBJC_IMPLICIT_RETAIN_SELF = YES;
				CLANG_WARN_OBJC_LITERAL_CONVERSION = YES;
				CLANG_WARN_OBJC_ROOT_CLASS = YES_ERROR;
				CLANG_WARN_QUOTED_INCLUDE_IN_FRAMEWORK_HEADER = YES;
				CLANG_WARN_RANGE_LOOP_ANALYSIS = YES;
				CLANG_WARN_STRICT_PROTOTYPES = YES;
				CLANG_WARN_SUSPICIOUS_MOVE = YES;
				CLANG_WARN_UNGUARDED_AVAILABILITY = YES_AGGRESSIVE;
				CLANG_WARN_UNREACHABLE_CODE = YES;
				CLANG_WARN__DUPLICATE_METHOD_MATCH = YES;
				COPY_PHASE_STRIP = NO;
				DEBUG_INFORMATION_FORMAT = "dwarf-with-dsym";
				ENABLE_NS_ASSERTIONS = NO;
				ENABLE_STRICT_OBJC_MSGSEND = YES;
				GCC_C_LANGUAGE_STANDARD = gnu11;
				GCC_NO_COMMON_BLOCKS = YES;
				GCC_WARN_64_TO_32_BIT_CONVERSION = YES;
				GCC_WARN_ABOUT_RETURN_TYPE = YES_ERROR;
				GCC_WARN_UNDECLARED_SELECTOR = YES;
				GCC_WARN_UNINITIALIZED_AUTOS = YES_AGGRESSIVE;
				GCC_WARN_UNUSED_FUNCTION = YES;
				GCC_WARN_UNUSED_VARIABLE = YES;
				IPHONEOS_DEPLOYMENT_TARGET = 16.1;
				MTL_ENABLE_DEBUG_INFO = NO;
				MTL_FAST_MATH = YES;
				SDKROOT = iphoneos;
				SWIFT_COMPILATION_MODE = wholemodule;
				SWIFT_OPTIMIZATION_LEVEL = "-O";
				VALIDATE_PRODUCT = YES;
			};
			name = Release;
		};
		C0064C3729254564005B39AB /* Debug */ = {
			isa = XCBuildConfiguration;
			buildSettings = {
				ASSETCATALOG_COMPILER_APPICON_NAME = AppIcon;
				ASSETCATALOG_COMPILER_GLOBAL_ACCENT_COLOR_NAME = AccentColor;
				CODE_SIGN_STYLE = Automatic;
				CURRENT_PROJECT_VERSION = 1;
				DEVELOPMENT_TEAM = KB835FKYB4;
				GENERATE_INFOPLIST_FILE = YES;
				INFOPLIST_FILE = xilophone/Info.plist;
				INFOPLIST_KEY_UIApplicationSupportsIndirectInputEvents = YES;
				INFOPLIST_KEY_UILaunchStoryboardName = LaunchScreen;
				INFOPLIST_KEY_UIMainStoryboardFile = Main;
				INFOPLIST_KEY_UISupportedInterfaceOrientations_iPad = "UIInterfaceOrientationPortrait UIInterfaceOrientationPortraitUpsideDown UIInterfaceOrientationLandscapeLeft UIInterfaceOrientationLandscapeRight";
				INFOPLIST_KEY_UISupportedInterfaceOrientations_iPhone = "UIInterfaceOrientationPortrait UIInterfaceOrientationLandscapeLeft UIInterfaceOrientationLandscapeRight";
				IPHONEOS_DEPLOYMENT_TARGET = 16.0;
				LD_RUNPATH_SEARCH_PATHS = (
					"$(inherited)",
					"@executable_path/Frameworks",
				);
				MARKETING_VERSION = 1.0;
				PRODUCT_BUNDLE_IDENTIFIER = com.csabaturdesan.xilophone;
				PRODUCT_NAME = "$(TARGET_NAME)";
				SWIFT_EMIT_LOC_STRINGS = YES;
				SWIFT_VERSION = 5.0;
				TARGETED_DEVICE_FAMILY = "1,2";
			};
			name = Debug;
		};
		C0064C3829254564005B39AB /* Release */ = {
			isa = XCBuildConfiguration;
			buildSettings = {
				ASSETCATALOG_COMPILER_APPICON_NAME = AppIcon;
				ASSETCATALOG_COMPILER_GLOBAL_ACCENT_COLOR_NAME = AccentColor;
				CODE_SIGN_STYLE = Automatic;
				CURRENT_PROJECT_VERSION = 1;
				DEVELOPMENT_TEAM = KB835FKYB4;
				GENERATE_INFOPLIST_FILE = YES;
				INFOPLIST_FILE = xilophone/Info.plist;
				INFOPLIST_KEY_UIApplicationSupportsIndirectInputEvents = YES;
				INFOPLIST_KEY_UILaunchStoryboardName = LaunchScreen;
				INFOPLIST_KEY_UIMainStoryboardFile = Main;
				INFOPLIST_KEY_UISupportedInterfaceOrientations_iPad = "UIInterfaceOrientationPortrait UIInterfaceOrientationPortraitUpsideDown UIInterfaceOrientationLandscapeLeft UIInterfaceOrientationLandscapeRight";
				INFOPLIST_KEY_UISupportedInterfaceOrientations_iPhone = "UIInterfaceOrientationPortrait UIInterfaceOrientationLandscapeLeft UIInterfaceOrientationLandscapeRight";
				IPHONEOS_DEPLOYMENT_TARGET = 16.0;
				LD_RUNPATH_SEARCH_PATHS = (
					"$(inherited)",
					"@executable_path/Frameworks",
				);
				MARKETING_VERSION = 1.0;
				PRODUCT_BUNDLE_IDENTIFIER = com.csabaturdesan.xilophone;
				PRODUCT_NAME = "$(TARGET_NAME)";
				SWIFT_EMIT_LOC_STRINGS = YES;
				SWIFT_VERSION = 5.0;
				TARGETED_DEVICE_FAMILY = "1,2";
			};
			name = Release;
		};
		C0064C3A29254564005B39AB /* Debug */ = {
			isa = XCBuildConfiguration;
			buildSettings = {
				ALWAYS_EMBED_SWIFT_STANDARD_LIBRARIES = YES;
				BUNDLE_LOADER = "$(TEST_HOST)";
				CODE_SIGN_STYLE = Automatic;
				CURRENT_PROJECT_VERSION = 1;
				DEVELOPMENT_TEAM = KB835FKYB4;
				GENERATE_INFOPLIST_FILE = YES;
				IPHONEOS_DEPLOYMENT_TARGET = 16.1;
				MARKETING_VERSION = 1.0;
				PRODUCT_BUNDLE_IDENTIFIER = com.csabaturdesan.xilophoneTests;
				PRODUCT_NAME = "$(TARGET_NAME)";
				SWIFT_EMIT_LOC_STRINGS = NO;
				SWIFT_VERSION = 5.0;
				TARGETED_DEVICE_FAMILY = "1,2";
				TEST_HOST = "$(BUILT_PRODUCTS_DIR)/xilophone.app/$(BUNDLE_EXECUTABLE_FOLDER_PATH)/xilophone";
			};
			name = Debug;
		};
		C0064C3B29254564005B39AB /* Release */ = {
			isa = XCBuildConfiguration;
			buildSettings = {
				ALWAYS_EMBED_SWIFT_STANDARD_LIBRARIES = YES;
				BUNDLE_LOADER = "$(TEST_HOST)";
				CODE_SIGN_STYLE = Automatic;
				CURRENT_PROJECT_VERSION = 1;
				DEVELOPMENT_TEAM = KB835FKYB4;
				GENERATE_INFOPLIST_FILE = YES;
				IPHONEOS_DEPLOYMENT_TARGET = 16.1;
				MARKETING_VERSION = 1.0;
				PRODUCT_BUNDLE_IDENTIFIER = com.csabaturdesan.xilophoneTests;
				PRODUCT_NAME = "$(TARGET_NAME)";
				SWIFT_EMIT_LOC_STRINGS = NO;
				SWIFT_VERSION = 5.0;
				TARGETED_DEVICE_FAMILY = "1,2";
				TEST_HOST = "$(BUILT_PRODUCTS_DIR)/xilophone.app/$(BUNDLE_EXECUTABLE_FOLDER_PATH)/xilophone";
			};
			name = Release;
		};
		C0064C3D29254564005B39AB /* Debug */ = {
			isa = XCBuildConfiguration;
			buildSettings = {
				ALWAYS_EMBED_SWIFT_STANDARD_LIBRARIES = YES;
				CODE_SIGN_STYLE = Automatic;
				CURRENT_PROJECT_VERSION = 1;
				DEVELOPMENT_TEAM = KB835FKYB4;
				GENERATE_INFOPLIST_FILE = YES;
				MARKETING_VERSION = 1.0;
				PRODUCT_BUNDLE_IDENTIFIER = com.csabaturdesan.xilophoneUITests;
				PRODUCT_NAME = "$(TARGET_NAME)";
				SWIFT_EMIT_LOC_STRINGS = NO;
				SWIFT_VERSION = 5.0;
				TARGETED_DEVICE_FAMILY = "1,2";
				TEST_TARGET_NAME = xilophone;
			};
			name = Debug;
		};
		C0064C3E29254564005B39AB /* Release */ = {
			isa = XCBuildConfiguration;
			buildSettings = {
				ALWAYS_EMBED_SWIFT_STANDARD_LIBRARIES = YES;
				CODE_SIGN_STYLE = Automatic;
				CURRENT_PROJECT_VERSION = 1;
				DEVELOPMENT_TEAM = KB835FKYB4;
				GENERATE_INFOPLIST_FILE = YES;
				MARKETING_VERSION = 1.0;
				PRODUCT_BUNDLE_IDENTIFIER = com.csabaturdesan.xilophoneUITests;
				PRODUCT_NAME = "$(TARGET_NAME)";
				SWIFT_EMIT_LOC_STRINGS = NO;
				SWIFT_VERSION = 5.0;
				TARGETED_DEVICE_FAMILY = "1,2";
				TEST_TARGET_NAME = xilophone;
			};
			name = Release;
		};
/* End XCBuildConfiguration section */

/* Begin XCConfigurationList section */
		C0064C0729254563005B39AB /* Build configuration list for PBXProject "xilophone" */ = {
			isa = XCConfigurationList;
			buildConfigurations = (
				C0064C3429254564005B39AB /* Debug */,
				C0064C3529254564005B39AB /* Release */,
			);
			defaultConfigurationIsVisible = 0;
			defaultConfigurationName = Release;
		};
		C0064C3629254564005B39AB /* Build configuration list for PBXNativeTarget "xilophone" */ = {
			isa = XCConfigurationList;
			buildConfigurations = (
				C0064C3729254564005B39AB /* Debug */,
				C0064C3829254564005B39AB /* Release */,
			);
			defaultConfigurationIsVisible = 0;
			defaultConfigurationName = Release;
		};
		C0064C3929254564005B39AB /* Build configuration list for PBXNativeTarget "xilophoneTests" */ = {
			isa = XCConfigurationList;
			buildConfigurations = (
				C0064C3A29254564005B39AB /* Debug */,
				C0064C3B29254564005B39AB /* Release */,
			);
			defaultConfigurationIsVisible = 0;
			defaultConfigurationName = Release;
		};
		C0064C3C29254564005B39AB /* Build configuration list for PBXNativeTarget "xilophoneUITests" */ = {
			isa = XCConfigurationList;
			buildConfigurations = (
				C0064C3D29254564005B39AB /* Debug */,
				C0064C3E29254564005B39AB /* Release */,
			);
			defaultConfigurationIsVisible = 0;
			defaultConfigurationName = Release;
		};
/* End XCConfigurationList section */
	};
	rootObject = C0064C0429254563005B39AB /* Project object */;
}
